{
  "name": "wtfood-ai-recipe-generator",
  "version": "1.0.0",
  "lockfileVersion": 3,
  "requires": true,
  "packages": {
    "": {
      "name": "wtfood-ai-recipe-generator",
      "version": "1.0.0",
      "dependencies": {
        "@google/generative-ai": "^0.18.0"
      }
    },
    "node_modules/@google/generative-ai": {
      "version": "0.18.0",
      "resolved": "https://registry.npmjs.org/@google/generative-ai/-/generative-ai-0.18.0.tgz",
      "integrity": "sha512-AhaIWSpk2tuhYHrBhUqC0xrWWznmYEja1/TRDIb+5kruBU5kUzMlFsXCQNO9PzyTZ4clUJ3CX/Rvy+Xm9x+w3g==",
      "license": "Apache-2.0",
      "engines": {
        "node": ">=18.0.0"
      }
    }
  }
}
